
Microsoft Visual Studio Solution File, Format Version 12.00
# Visual Studio Version 16
VisualStudioVersion = 16.0.31613.86
MinimumVisualStudioVersion = 10.0.40219.1
Project("{FAE04EC0-301F-11D3-BF4B-00C04F79EFBC}") = "WpfCliente", "WpfDomino\WpfCliente.csproj", "{EF869843-90E1-4D57-A529-DFE16B522B1D}"
EndProject
Project("{FAE04EC0-301F-11D3-BF4B-00C04F79EFBC}") = "WcfDomino", "WcfDomino\WcfDomino.csproj", "{32F8615A-167C-477F-A7F8-74802F7E75A4}"
EndProject
Project("{FAE04EC0-301F-11D3-BF4B-00C04F79EFBC}") = "Server", "Server\Server.csproj", "{AEDEED6E-7117-43D0-97AC-77CED62C6D64}"
EndProject
Global
	GlobalSection(SolutionConfigurationPlatforms) = preSolution
		Debug|Any CPU = Debug|Any CPU
		Release|Any CPU = Release|Any CPU
	EndGlobalSection
	GlobalSection(ProjectConfigurationPlatforms) = postSolution
		{EF869843-90E1-4D57-A529-DFE16B522B1D}.Debug|Any CPU.ActiveCfg = Debug|Any CPU
		{EF869843-90E1-4D57-A529-DFE16B522B1D}.Debug|Any CPU.Build.0 = Debug|Any CPU
		{EF869843-90E1-4D57-A529-DFE16B522B1D}.Release|Any CPU.ActiveCfg = Release|Any CPU
		{EF869843-90E1-4D57-A529-DFE16B522B1D}.Release|Any CPU.Build.0 = Release|Any CPU
		{32F8615A-167C-477F-A7F8-74802F7E75A4}.Debug|Any CPU.ActiveCfg = Debug|Any CPU
		{32F8615A-167C-477F-A7F8-74802F7E75A4}.Debug|Any CPU.Build.0 = Debug|Any CPU
		{32F8615A-167C-477F-A7F8-74802F7E75A4}.Release|Any CPU.ActiveCfg = Release|Any CPU
		{32F8615A-167C-477F-A7F8-74802F7E75A4}.Release|Any CPU.Build.0 = Release|Any CPU
		{AEDEED6E-7117-43D0-97AC-77CED62C6D64}.Debug|Any CPU.ActiveCfg = Debug|Any CPU
		{AEDEED6E-7117-43D0-97AC-77CED62C6D64}.Debug|Any CPU.Build.0 = Debug|Any CPU
		{AEDEED6E-7117-43D0-97AC-77CED62C6D64}.Release|Any CPU.ActiveCfg = Release|Any CPU
		{AEDEED6E-7117-43D0-97AC-77CED62C6D64}.Release|Any CPU.Build.0 = Release|Any CPU
	EndGlobalSection
	GlobalSection(SolutionProperties) = preSolution
		HideSolutionNode = FALSE
	EndGlobalSection
	GlobalSection(ExtensibilityGlobals) = postSolution
		SolutionGuid = {13912CB2-DF73-48D5-A483-4E4ED2FCE134}
	EndGlobalSection
EndGlobal
